
Microsoft Visual Studio Solution File, Format Version 12.00
# Visual Studio Version 17
VisualStudioVersion = 17.13.35825.156 d17.13
MinimumVisualStudioVersion = 10.0.40219.1
Project("{FAE04EC0-301F-11D3-BF4B-00C04F79EFBC}") = "Company.G02.PL", "Company.G02.PL\Company.G02.PL.csproj", "{56C3D3D3-88B7-46AC-ABA4-A6277BCA9912}"
EndProject
Project("{FAE04EC0-301F-11D3-BF4B-00C04F79EFBC}") = "Company.G02.BLL", "Company.G02.BLL\Company.G02.BLL.csproj", "{35665D05-DFC8-45FC-9B96-EB860FE94F6C}"
EndProject
Project("{FAE04EC0-301F-11D3-BF4B-00C04F79EFBC}") = "Company.G02.DAL", "Company.G02.DAL\Company.G02.DAL.csproj", "{9761B96B-E5FC-4B25-AAB5-4C68DBBC5C89}"
EndProject
Global
	GlobalSection(SolutionConfigurationPlatforms) = preSolution
		Debug|Any CPU = Debug|Any CPU
		Release|Any CPU = Release|Any CPU
	EndGlobalSection
	GlobalSection(ProjectConfigurationPlatforms) = postSolution
		{56C3D3D3-88B7-46AC-ABA4-A6277BCA9912}.Debug|Any CPU.ActiveCfg = Debug|Any CPU
		{56C3D3D3-88B7-46AC-ABA4-A6277BCA9912}.Debug|Any CPU.Build.0 = Debug|Any CPU
		{56C3D3D3-88B7-46AC-ABA4-A6277BCA9912}.Release|Any CPU.ActiveCfg = Release|Any CPU
		{56C3D3D3-88B7-46AC-ABA4-A6277BCA9912}.Release|Any CPU.Build.0 = Release|Any CPU
		{35665D05-DFC8-45FC-9B96-EB860FE94F6C}.Debug|Any CPU.ActiveCfg = Debug|Any CPU
		{35665D05-DFC8-45FC-9B96-EB860FE94F6C}.Debug|Any CPU.Build.0 = Debug|Any CPU
		{35665D05-DFC8-45FC-9B96-EB860FE94F6C}.Release|Any CPU.ActiveCfg = Release|Any CPU
		{35665D05-DFC8-45FC-9B96-EB860FE94F6C}.Release|Any CPU.Build.0 = Release|Any CPU
		{9761B96B-E5FC-4B25-AAB5-4C68DBBC5C89}.Debug|Any CPU.ActiveCfg = Debug|Any CPU
		{9761B96B-E5FC-4B25-AAB5-4C68DBBC5C89}.Debug|Any CPU.Build.0 = Debug|Any CPU
		{9761B96B-E5FC-4B25-AAB5-4C68DBBC5C89}.Release|Any CPU.ActiveCfg = Release|Any CPU
		{9761B96B-E5FC-4B25-AAB5-4C68DBBC5C89}.Release|Any CPU.Build.0 = Release|Any CPU
	EndGlobalSection
	GlobalSection(SolutionProperties) = preSolution
		HideSolutionNode = FALSE
	EndGlobalSection
	GlobalSection(ExtensibilityGlobals) = postSolution
		SolutionGuid = {BB27D1FC-379B-4812-8F09-AF301944812F}
	EndGlobalSection
EndGlobal
